# This file is automatically @generated by Cargo.
# It is not intended for manual editing.
version = 4

[[package]]
name = "ersatztv-channel"
version = "0.1.0"
dependencies = [
 "ffpipeline",
]

[[package]]
name = "ersatztv-lineup"
version = "0.1.0"

[[package]]
name = "ffpipeline"
version = "0.1.0"
